
Microsoft Visual Studio Solution File, Format Version 12.00
# Visual Studio Version 16
VisualStudioVersion = 16.0.30011.22
MinimumVisualStudioVersion = 10.0.40219.1
Project("{00D1A9C2-B5F0-4AF3-8072-F6C62B433612}") = "Database Salg", "Database salg\Database Salg.sqlproj", "{FE8B664F-937D-49F0-AA66-8DCF20FC96AE}"
EndProject
Project("{159641D6-6404-4A2A-AE62-294DE0FE8301}") = "SSIS Salg", "SSIS Salg\SSIS Salg.dtproj", "{BB166723-F068-4777-A7CC-B007FD266221}"
EndProject
Project("{00D1A9C2-B5F0-4AF3-8072-F6C62B433612}") = "Database Staging", "Database Staging\Database Staging.sqlproj", "{F3DBFCCA-32B1-46EA-AD8D-C375A567608C}"
EndProject
Project("{00D1A9C2-B5F0-4AF3-8072-F6C62B433612}") = "Database LZDB", "Database LZDB\Database LZDB.sqlproj", "{EA7D88B0-0350-48CA-B674-62C8F5400AE2}"
EndProject
Project("{159641D6-6404-4A2A-AE62-294DE0FE8301}") = "SSIS Staging", "SSIS Staging\SSIS Staging.dtproj", "{06168960-9AB5-461B-A66A-0D36F5E20285}"
EndProject
Project("{00D1A9C2-B5F0-4AF3-8072-F6C62B433612}") = "Database DMSA", "Database DMSA\Database DMSA.sqlproj", "{091FF890-186C-43AC-9954-A55D4C52F902}"
EndProject
Project("{159641D6-6404-4A2A-AE62-294DE0FE8301}") = "SSIS DMSA", "SSIS DMSA\SSIS DMSA.dtproj", "{23C1CE42-2FA3-48BC-816B-75EC732C8E07}"
EndProject
Project("{00D1A9C2-B5F0-4AF3-8072-F6C62B433612}") = "Database DZDB", "Database DZDB\Database DZDB.sqlproj", "{39BA0ACC-32C8-4EA9-A66C-C702A3D88640}"
EndProject
Project("{6870E480-7721-4708-BFB8-9AE898AA21B3}") = "SSAS Ordre", "SSAS Ordre\SSAS Ordre.smproj", "{8CE414BB-95B2-4C99-9E03-51BA72086E22}"
EndProject
Global
	GlobalSection(SolutionConfigurationPlatforms) = preSolution
		Debug|Any CPU = Debug|Any CPU
		Debug|x86 = Debug|x86
		Development|Any CPU = Development|Any CPU
		Development|x86 = Development|x86
		Release|Any CPU = Release|Any CPU
		Release|x86 = Release|x86
	EndGlobalSection
	GlobalSection(ProjectConfigurationPlatforms) = postSolution
		{FE8B664F-937D-49F0-AA66-8DCF20FC96AE}.Debug|Any CPU.ActiveCfg = Debug|Any CPU
		{FE8B664F-937D-49F0-AA66-8DCF20FC96AE}.Debug|Any CPU.Build.0 = Debug|Any CPU
		{FE8B664F-937D-49F0-AA66-8DCF20FC96AE}.Debug|Any CPU.Deploy.0 = Debug|Any CPU
		{FE8B664F-937D-49F0-AA66-8DCF20FC96AE}.Debug|x86.ActiveCfg = Debug|Any CPU
		{FE8B664F-937D-49F0-AA66-8DCF20FC96AE}.Debug|x86.Build.0 = Debug|Any CPU
		{FE8B664F-937D-49F0-AA66-8DCF20FC96AE}.Debug|x86.Deploy.0 = Debug|Any CPU
		{FE8B664F-937D-49F0-AA66-8DCF20FC96AE}.Development|Any CPU.ActiveCfg = Debug|Any CPU
		{FE8B664F-937D-49F0-AA66-8DCF20FC96AE}.Development|Any CPU.Build.0 = Debug|Any CPU
		{FE8B664F-937D-49F0-AA66-8DCF20FC96AE}.Development|Any CPU.Deploy.0 = Debug|Any CPU
		{FE8B664F-937D-49F0-AA66-8DCF20FC96AE}.Development|x86.ActiveCfg = Debug|Any CPU
		{FE8B664F-937D-49F0-AA66-8DCF20FC96AE}.Development|x86.Build.0 = Debug|Any CPU
		{FE8B664F-937D-49F0-AA66-8DCF20FC96AE}.Development|x86.Deploy.0 = Debug|Any CPU
		{FE8B664F-937D-49F0-AA66-8DCF20FC96AE}.Release|Any CPU.ActiveCfg = Release|Any CPU
		{FE8B664F-937D-49F0-AA66-8DCF20FC96AE}.Release|Any CPU.Build.0 = Release|Any CPU
		{FE8B664F-937D-49F0-AA66-8DCF20FC96AE}.Release|Any CPU.Deploy.0 = Release|Any CPU
		{FE8B664F-937D-49F0-AA66-8DCF20FC96AE}.Release|x86.ActiveCfg = Release|Any CPU
		{FE8B664F-937D-49F0-AA66-8DCF20FC96AE}.Release|x86.Build.0 = Release|Any CPU
		{FE8B664F-937D-49F0-AA66-8DCF20FC96AE}.Release|x86.Deploy.0 = Release|Any CPU
		{BB166723-F068-4777-A7CC-B007FD266221}.Debug|Any CPU.ActiveCfg = Development
		{BB166723-F068-4777-A7CC-B007FD266221}.Debug|Any CPU.Build.0 = Development
		{BB166723-F068-4777-A7CC-B007FD266221}.Debug|x86.ActiveCfg = Development
		{BB166723-F068-4777-A7CC-B007FD266221}.Debug|x86.Build.0 = Development
		{BB166723-F068-4777-A7CC-B007FD266221}.Development|Any CPU.ActiveCfg = Development
		{BB166723-F068-4777-A7CC-B007FD266221}.Development|Any CPU.Build.0 = Development
		{BB166723-F068-4777-A7CC-B007FD266221}.Development|x86.ActiveCfg = Development
		{BB166723-F068-4777-A7CC-B007FD266221}.Development|x86.Build.0 = Development
		{BB166723-F068-4777-A7CC-B007FD266221}.Release|Any CPU.ActiveCfg = Development
		{BB166723-F068-4777-A7CC-B007FD266221}.Release|Any CPU.Build.0 = Development
		{BB166723-F068-4777-A7CC-B007FD266221}.Release|x86.ActiveCfg = Development
		{BB166723-F068-4777-A7CC-B007FD266221}.Release|x86.Build.0 = Development
		{F3DBFCCA-32B1-46EA-AD8D-C375A567608C}.Debug|Any CPU.ActiveCfg = Debug|Any CPU
		{F3DBFCCA-32B1-46EA-AD8D-C375A567608C}.Debug|Any CPU.Build.0 = Debug|Any CPU
		{F3DBFCCA-32B1-46EA-AD8D-C375A567608C}.Debug|Any CPU.Deploy.0 = Debug|Any CPU
		{F3DBFCCA-32B1-46EA-AD8D-C375A567608C}.Debug|x86.ActiveCfg = Debug|Any CPU
		{F3DBFCCA-32B1-46EA-AD8D-C375A567608C}.Debug|x86.Build.0 = Debug|Any CPU
		{F3DBFCCA-32B1-46EA-AD8D-C375A567608C}.Debug|x86.Deploy.0 = Debug|Any CPU
		{F3DBFCCA-32B1-46EA-AD8D-C375A567608C}.Development|Any CPU.ActiveCfg = Debug|Any CPU
		{F3DBFCCA-32B1-46EA-AD8D-C375A567608C}.Development|Any CPU.Build.0 = Debug|Any CPU
		{F3DBFCCA-32B1-46EA-AD8D-C375A567608C}.Development|Any CPU.Deploy.0 = Debug|Any CPU
		{F3DBFCCA-32B1-46EA-AD8D-C375A567608C}.Development|x86.ActiveCfg = Debug|Any CPU
		{F3DBFCCA-32B1-46EA-AD8D-C375A567608C}.Development|x86.Build.0 = Debug|Any CPU
		{F3DBFCCA-32B1-46EA-AD8D-C375A567608C}.Development|x86.Deploy.0 = Debug|Any CPU
		{F3DBFCCA-32B1-46EA-AD8D-C375A567608C}.Release|Any CPU.ActiveCfg = Release|Any CPU
		{F3DBFCCA-32B1-46EA-AD8D-C375A567608C}.Release|Any CPU.Build.0 = Release|Any CPU
		{F3DBFCCA-32B1-46EA-AD8D-C375A567608C}.Release|Any CPU.Deploy.0 = Release|Any CPU
		{F3DBFCCA-32B1-46EA-AD8D-C375A567608C}.Release|x86.ActiveCfg = Release|Any CPU
		{F3DBFCCA-32B1-46EA-AD8D-C375A567608C}.Release|x86.Build.0 = Release|Any CPU
		{F3DBFCCA-32B1-46EA-AD8D-C375A567608C}.Release|x86.Deploy.0 = Release|Any CPU
		{EA7D88B0-0350-48CA-B674-62C8F5400AE2}.Debug|Any CPU.ActiveCfg = Debug|Any CPU
		{EA7D88B0-0350-48CA-B674-62C8F5400AE2}.Debug|Any CPU.Build.0 = Debug|Any CPU
		{EA7D88B0-0350-48CA-B674-62C8F5400AE2}.Debug|Any CPU.Deploy.0 = Debug|Any CPU
		{EA7D88B0-0350-48CA-B674-62C8F5400AE2}.Debug|x86.ActiveCfg = Debug|Any CPU
		{EA7D88B0-0350-48CA-B674-62C8F5400AE2}.Debug|x86.Build.0 = Debug|Any CPU
		{EA7D88B0-0350-48CA-B674-62C8F5400AE2}.Debug|x86.Deploy.0 = Debug|Any CPU
		{EA7D88B0-0350-48CA-B674-62C8F5400AE2}.Development|Any CPU.ActiveCfg = Debug|Any CPU
		{EA7D88B0-0350-48CA-B674-62C8F5400AE2}.Development|Any CPU.Build.0 = Debug|Any CPU
		{EA7D88B0-0350-48CA-B674-62C8F5400AE2}.Development|Any CPU.Deploy.0 = Debug|Any CPU
		{EA7D88B0-0350-48CA-B674-62C8F5400AE2}.Development|x86.ActiveCfg = Debug|Any CPU
		{EA7D88B0-0350-48CA-B674-62C8F5400AE2}.Development|x86.Build.0 = Debug|Any CPU
		{EA7D88B0-0350-48CA-B674-62C8F5400AE2}.Development|x86.Deploy.0 = Debug|Any CPU
		{EA7D88B0-0350-48CA-B674-62C8F5400AE2}.Release|Any CPU.ActiveCfg = Release|Any CPU
		{EA7D88B0-0350-48CA-B674-62C8F5400AE2}.Release|Any CPU.Build.0 = Release|Any CPU
		{EA7D88B0-0350-48CA-B674-62C8F5400AE2}.Release|Any CPU.Deploy.0 = Release|Any CPU
		{EA7D88B0-0350-48CA-B674-62C8F5400AE2}.Release|x86.ActiveCfg = Release|Any CPU
		{EA7D88B0-0350-48CA-B674-62C8F5400AE2}.Release|x86.Build.0 = Release|Any CPU
		{EA7D88B0-0350-48CA-B674-62C8F5400AE2}.Release|x86.Deploy.0 = Release|Any CPU
		{06168960-9AB5-461B-A66A-0D36F5E20285}.Debug|Any CPU.ActiveCfg = Development
		{06168960-9AB5-461B-A66A-0D36F5E20285}.Debug|Any CPU.Build.0 = Development
		{06168960-9AB5-461B-A66A-0D36F5E20285}.Debug|x86.ActiveCfg = Development
		{06168960-9AB5-461B-A66A-0D36F5E20285}.Debug|x86.Build.0 = Development
		{06168960-9AB5-461B-A66A-0D36F5E20285}.Development|Any CPU.ActiveCfg = Development
		{06168960-9AB5-461B-A66A-0D36F5E20285}.Development|Any CPU.Build.0 = Development
		{06168960-9AB5-461B-A66A-0D36F5E20285}.Development|x86.ActiveCfg = Development
		{06168960-9AB5-461B-A66A-0D36F5E20285}.Development|x86.Build.0 = Development
		{06168960-9AB5-461B-A66A-0D36F5E20285}.Release|Any CPU.ActiveCfg = Development
		{06168960-9AB5-461B-A66A-0D36F5E20285}.Release|Any CPU.Build.0 = Development
		{06168960-9AB5-461B-A66A-0D36F5E20285}.Release|x86.ActiveCfg = Development
		{06168960-9AB5-461B-A66A-0D36F5E20285}.Release|x86.Build.0 = Development
		{091FF890-186C-43AC-9954-A55D4C52F902}.Debug|Any CPU.ActiveCfg = Debug|Any CPU
		{091FF890-186C-43AC-9954-A55D4C52F902}.Debug|Any CPU.Build.0 = Debug|Any CPU
		{091FF890-186C-43AC-9954-A55D4C52F902}.Debug|Any CPU.Deploy.0 = Debug|Any CPU
		{091FF890-186C-43AC-9954-A55D4C52F902}.Debug|x86.ActiveCfg = Debug|Any CPU
		{091FF890-186C-43AC-9954-A55D4C52F902}.Debug|x86.Build.0 = Debug|Any CPU
		{091FF890-186C-43AC-9954-A55D4C52F902}.Debug|x86.Deploy.0 = Debug|Any CPU
		{091FF890-186C-43AC-9954-A55D4C52F902}.Development|Any CPU.ActiveCfg = Debug|Any CPU
		{091FF890-186C-43AC-9954-A55D4C52F902}.Development|Any CPU.Build.0 = Debug|Any CPU
		{091FF890-186C-43AC-9954-A55D4C52F902}.Development|Any CPU.Deploy.0 = Debug|Any CPU
		{091FF890-186C-43AC-9954-A55D4C52F902}.Development|x86.ActiveCfg = Debug|Any CPU
		{091FF890-186C-43AC-9954-A55D4C52F902}.Development|x86.Build.0 = Debug|Any CPU
		{091FF890-186C-43AC-9954-A55D4C52F902}.Development|x86.Deploy.0 = Debug|Any CPU
		{091FF890-186C-43AC-9954-A55D4C52F902}.Release|Any CPU.ActiveCfg = Release|Any CPU
		{091FF890-186C-43AC-9954-A55D4C52F902}.Release|Any CPU.Build.0 = Release|Any CPU
		{091FF890-186C-43AC-9954-A55D4C52F902}.Release|Any CPU.Deploy.0 = Release|Any CPU
		{091FF890-186C-43AC-9954-A55D4C52F902}.Release|x86.ActiveCfg = Release|Any CPU
		{091FF890-186C-43AC-9954-A55D4C52F902}.Release|x86.Build.0 = Release|Any CPU
		{091FF890-186C-43AC-9954-A55D4C52F902}.Release|x86.Deploy.0 = Release|Any CPU
		{23C1CE42-2FA3-48BC-816B-75EC732C8E07}.Debug|Any CPU.ActiveCfg = Development
		{23C1CE42-2FA3-48BC-816B-75EC732C8E07}.Debug|Any CPU.Build.0 = Development
		{23C1CE42-2FA3-48BC-816B-75EC732C8E07}.Debug|x86.ActiveCfg = Development
		{23C1CE42-2FA3-48BC-816B-75EC732C8E07}.Debug|x86.Build.0 = Development
		{23C1CE42-2FA3-48BC-816B-75EC732C8E07}.Development|Any CPU.ActiveCfg = Development
		{23C1CE42-2FA3-48BC-816B-75EC732C8E07}.Development|Any CPU.Build.0 = Development
		{23C1CE42-2FA3-48BC-816B-75EC732C8E07}.Development|x86.ActiveCfg = Development
		{23C1CE42-2FA3-48BC-816B-75EC732C8E07}.Development|x86.Build.0 = Development
		{23C1CE42-2FA3-48BC-816B-75EC732C8E07}.Release|Any CPU.ActiveCfg = Development
		{23C1CE42-2FA3-48BC-816B-75EC732C8E07}.Release|Any CPU.Build.0 = Development
		{23C1CE42-2FA3-48BC-816B-75EC732C8E07}.Release|x86.ActiveCfg = Development
		{23C1CE42-2FA3-48BC-816B-75EC732C8E07}.Release|x86.Build.0 = Development
		{39BA0ACC-32C8-4EA9-A66C-C702A3D88640}.Debug|Any CPU.ActiveCfg = Debug|Any CPU
		{39BA0ACC-32C8-4EA9-A66C-C702A3D88640}.Debug|Any CPU.Build.0 = Debug|Any CPU
		{39BA0ACC-32C8-4EA9-A66C-C702A3D88640}.Debug|Any CPU.Deploy.0 = Debug|Any CPU
		{39BA0ACC-32C8-4EA9-A66C-C702A3D88640}.Debug|x86.ActiveCfg = Debug|Any CPU
		{39BA0ACC-32C8-4EA9-A66C-C702A3D88640}.Debug|x86.Build.0 = Debug|Any CPU
		{39BA0ACC-32C8-4EA9-A66C-C702A3D88640}.Debug|x86.Deploy.0 = Debug|Any CPU
		{39BA0ACC-32C8-4EA9-A66C-C702A3D88640}.Development|Any CPU.ActiveCfg = Debug|Any CPU
		{39BA0ACC-32C8-4EA9-A66C-C702A3D88640}.Development|Any CPU.Build.0 = Debug|Any CPU
		{39BA0ACC-32C8-4EA9-A66C-C702A3D88640}.Development|Any CPU.Deploy.0 = Debug|Any CPU
		{39BA0ACC-32C8-4EA9-A66C-C702A3D88640}.Development|x86.ActiveCfg = Debug|Any CPU
		{39BA0ACC-32C8-4EA9-A66C-C702A3D88640}.Development|x86.Build.0 = Debug|Any CPU
		{39BA0ACC-32C8-4EA9-A66C-C702A3D88640}.Development|x86.Deploy.0 = Debug|Any CPU
		{39BA0ACC-32C8-4EA9-A66C-C702A3D88640}.Release|Any CPU.ActiveCfg = Release|Any CPU
		{39BA0ACC-32C8-4EA9-A66C-C702A3D88640}.Release|Any CPU.Build.0 = Release|Any CPU
		{39BA0ACC-32C8-4EA9-A66C-C702A3D88640}.Release|Any CPU.Deploy.0 = Release|Any CPU
		{39BA0ACC-32C8-4EA9-A66C-C702A3D88640}.Release|x86.ActiveCfg = Release|Any CPU
		{39BA0ACC-32C8-4EA9-A66C-C702A3D88640}.Release|x86.Build.0 = Release|Any CPU
		{39BA0ACC-32C8-4EA9-A66C-C702A3D88640}.Release|x86.Deploy.0 = Release|Any CPU
		{8CE414BB-95B2-4C99-9E03-51BA72086E22}.Debug|Any CPU.ActiveCfg = Development|x86
		{8CE414BB-95B2-4C99-9E03-51BA72086E22}.Debug|Any CPU.Build.0 = Development|x86
		{8CE414BB-95B2-4C99-9E03-51BA72086E22}.Debug|Any CPU.Deploy.0 = Development|x86
		{8CE414BB-95B2-4C99-9E03-51BA72086E22}.Debug|x86.ActiveCfg = Development|x86
		{8CE414BB-95B2-4C99-9E03-51BA72086E22}.Debug|x86.Build.0 = Development|x86
		{8CE414BB-95B2-4C99-9E03-51BA72086E22}.Debug|x86.Deploy.0 = Development|x86
		{8CE414BB-95B2-4C99-9E03-51BA72086E22}.Development|Any CPU.ActiveCfg = Development|x86
		{8CE414BB-95B2-4C99-9E03-51BA72086E22}.Development|x86.ActiveCfg = Development|x86
		{8CE414BB-95B2-4C99-9E03-51BA72086E22}.Development|x86.Build.0 = Development|x86
		{8CE414BB-95B2-4C99-9E03-51BA72086E22}.Development|x86.Deploy.0 = Development|x86
		{8CE414BB-95B2-4C99-9E03-51BA72086E22}.Release|Any CPU.ActiveCfg = Development|x86
		{8CE414BB-95B2-4C99-9E03-51BA72086E22}.Release|Any CPU.Build.0 = Development|x86
		{8CE414BB-95B2-4C99-9E03-51BA72086E22}.Release|Any CPU.Deploy.0 = Development|x86
		{8CE414BB-95B2-4C99-9E03-51BA72086E22}.Release|x86.ActiveCfg = Development|x86
		{8CE414BB-95B2-4C99-9E03-51BA72086E22}.Release|x86.Build.0 = Development|x86
		{8CE414BB-95B2-4C99-9E03-51BA72086E22}.Release|x86.Deploy.0 = Development|x86
	EndGlobalSection
	GlobalSection(SolutionProperties) = preSolution
		HideSolutionNode = FALSE
	EndGlobalSection
	GlobalSection(ExtensibilityGlobals) = postSolution
		SolutionGuid = {FFAA25D4-16F5-4C10-ACD7-A793755B53EC}
	EndGlobalSection
EndGlobal
